Microsoft Visual Studio Solution File, Format Version 12.00
# Visual Studio 15
VisualStudioVersion = 15.0.28010.0
MinimumVisualStudioVersion = 10.0.40219.1
Project("{FAE04EC0-301F-11D3-BF4B-00C04F79EFBC}") = "InspectorAct", "InspectorAct\InspectorAct.csproj", "{D0920738-EECA-40F1-A74E-E9A2A875152A}"
EndProject
Project("{FAE04EC0-301F-11D3-BF4B-00C04F79EFBC}") = "netFteo", "..\netFteo\netFteo\netFteo.csproj", "{84103EB6-3282-4374-B296-33188B1A436E}"
EndProject
Project("{FAE04EC0-301F-11D3-BF4B-00C04F79EFBC}") = "XSDMerger", "XSDMerger\XSDMerger.csproj", "{652EAFA8-81B4-4FCE-981D-EEBFAD095509}"
EndProject
Project("{FAE04EC0-301F-11D3-BF4B-00C04F79EFBC}") = "XMLReaderCS", "XMLReaderCS\XMLReaderCS.csproj", "{02EE028A-4B17-419E-81DE-5512724CA557}"
EndProject
Project("{FAE04EC0-301F-11D3-BF4B-00C04F79EFBC}") = "RRTypes", "RosreestrTypes\RRTypes.csproj", "{96DE829D-FEF9-41AF-A9E6-3BE517088B64}"
EndProject
Project("{FAE04EC0-301F-11D3-BF4B-00C04F79EFBC}") = "TestConsole", "TestConsole\TestConsole.csproj", "{74804E3D-6616-4C37-A181-9A97C4DBBB81}"
EndProject
Project("{FAE04EC0-301F-11D3-BF4B-00C04F79EFBC}") = "TExpress.DisAss", "TExpress.DisAss\TExpress.DisAss.csproj", "{082550EB-3D3F-4DC8-8A5C-AF2CA2ECEA7F}"
EndProject
Project("{FAE04EC0-301F-11D3-BF4B-00C04F79EFBC}") = "netDxf", "..\netDxf\netDxf\netDxf.csproj", "{785380E0-CEB9-4C34-82E5-60D0E33E848E}"
EndProject
Global
	GlobalSection(SolutionConfigurationPlatforms) = preSolution
		Debug|Any CPU = Debug|Any CPU
		Debug|Mixed Platforms = Debug|Mixed Platforms
		Debug|x64 = Debug|x64
		Debug|x86 = Debug|x86
		Release|Any CPU = Release|Any CPU
		Release|Mixed Platforms = Release|Mixed Platforms
		Release|x64 = Release|x64
		Release|x86 = Release|x86
		Release-Reader86|Any CPU = Release-Reader86|Any CPU
		Release-Reader86|Mixed Platforms = Release-Reader86|Mixed Platforms
		Release-Reader86|x64 = Release-Reader86|x64
		Release-Reader86|x86 = Release-Reader86|x86
	EndGlobalSection
	GlobalSection(ProjectConfigurationPlatforms) = postSolution
		{D0920738-EECA-40F1-A74E-E9A2A875152A}.Debug|Any CPU.ActiveCfg = Debug|x86
		{D0920738-EECA-40F1-A74E-E9A2A875152A}.Debug|Mixed Platforms.ActiveCfg = Debug|x86
		{D0920738-EECA-40F1-A74E-E9A2A875152A}.Debug|Mixed Platforms.Build.0 = Debug|x86
		{D0920738-EECA-40F1-A74E-E9A2A875152A}.Debug|x64.ActiveCfg = Debug|x64
		{D0920738-EECA-40F1-A74E-E9A2A875152A}.Debug|x86.ActiveCfg = Debug|x86
		{D0920738-EECA-40F1-A74E-E9A2A875152A}.Debug|x86.Build.0 = Debug|x86
		{D0920738-EECA-40F1-A74E-E9A2A875152A}.Release|Any CPU.ActiveCfg = Release|x86
		{D0920738-EECA-40F1-A74E-E9A2A875152A}.Release|Mixed Platforms.ActiveCfg = Release|x86
		{D0920738-EECA-40F1-A74E-E9A2A875152A}.Release|Mixed Platforms.Build.0 = Release|x86
		{D0920738-EECA-40F1-A74E-E9A2A875152A}.Release|x64.ActiveCfg = Release|x64
		{D0920738-EECA-40F1-A74E-E9A2A875152A}.Release|x86.ActiveCfg = Release|x86
		{D0920738-EECA-40F1-A74E-E9A2A875152A}.Release|x86.Build.0 = Release|x86
		{D0920738-EECA-40F1-A74E-E9A2A875152A}.Release-Reader86|Any CPU.ActiveCfg = Release|x86
		{D0920738-EECA-40F1-A74E-E9A2A875152A}.Release-Reader86|Mixed Platforms.ActiveCfg = Release|x86
		{D0920738-EECA-40F1-A74E-E9A2A875152A}.Release-Reader86|Mixed Platforms.Build.0 = Release|x86
		{D0920738-EECA-40F1-A74E-E9A2A875152A}.Release-Reader86|x64.ActiveCfg = Release|x64
		{D0920738-EECA-40F1-A74E-E9A2A875152A}.Release-Reader86|x64.Build.0 = Release|x64
		{D0920738-EECA-40F1-A74E-E9A2A875152A}.Release-Reader86|x86.ActiveCfg = Release|x86
		{D0920738-EECA-40F1-A74E-E9A2A875152A}.Release-Reader86|x86.Build.0 = Release|x86
		{84103EB6-3282-4374-B296-33188B1A436E}.Debug|Any CPU.ActiveCfg = Debug|Any CPU
		{84103EB6-3282-4374-B296-33188B1A436E}.Debug|Any CPU.Build.0 = Debug|Any CPU
		{84103EB6-3282-4374-B296-33188B1A436E}.Debug|Mixed Platforms.ActiveCfg = Debug|Any CPU
		{84103EB6-3282-4374-B296-33188B1A436E}.Debug|Mixed Platforms.Build.0 = Debug|Any CPU
		{84103EB6-3282-4374-B296-33188B1A436E}.Debug|x64.ActiveCfg = Debug|x64
		{84103EB6-3282-4374-B296-33188B1A436E}.Debug|x64.Build.0 = Debug|x64
		{84103EB6-3282-4374-B296-33188B1A436E}.Debug|x86.ActiveCfg = Debug|x86
		{84103EB6-3282-4374-B296-33188B1A436E}.Debug|x86.Build.0 = Debug|x86
		{84103EB6-3282-4374-B296-33188B1A436E}.Release|Any CPU.ActiveCfg = Release|Any CPU
		{84103EB6-3282-4374-B296-33188B1A436E}.Release|Any CPU.Build.0 = Release|Any CPU
		{84103EB6-3282-4374-B296-33188B1A436E}.Release|Mixed Platforms.ActiveCfg = Release|Any CPU
		{84103EB6-3282-4374-B296-33188B1A436E}.Release|Mixed Platforms.Build.0 = Release|Any CPU
		{84103EB6-3282-4374-B296-33188B1A436E}.Release|x64.ActiveCfg = Release|x64
		{84103EB6-3282-4374-B296-33188B1A436E}.Release|x64.Build.0 = Release|x64
		{84103EB6-3282-4374-B296-33188B1A436E}.Release|x86.ActiveCfg = Release|x86
		{84103EB6-3282-4374-B296-33188B1A436E}.Release|x86.Build.0 = Release|x86
		{84103EB6-3282-4374-B296-33188B1A436E}.Release-Reader86|Any CPU.ActiveCfg = Release|Any CPU
		{84103EB6-3282-4374-B296-33188B1A436E}.Release-Reader86|Any CPU.Build.0 = Release|Any CPU
		{84103EB6-3282-4374-B296-33188B1A436E}.Release-Reader86|Mixed Platforms.ActiveCfg = Release|Any CPU
		{84103EB6-3282-4374-B296-33188B1A436E}.Release-Reader86|Mixed Platforms.Build.0 = Release|Any CPU
		{84103EB6-3282-4374-B296-33188B1A436E}.Release-Reader86|x64.ActiveCfg = Release|x64
		{84103EB6-3282-4374-B296-33188B1A436E}.Release-Reader86|x64.Build.0 = Release|x64
		{84103EB6-3282-4374-B296-33188B1A436E}.Release-Reader86|x86.ActiveCfg = Release|Any CPU
		{652EAFA8-81B4-4FCE-981D-EEBFAD095509}.Debug|Any CPU.ActiveCfg = Debug|x86
		{652EAFA8-81B4-4FCE-981D-EEBFAD095509}.Debug|Mixed Platforms.ActiveCfg = Debug|x86
		{652EAFA8-81B4-4FCE-981D-EEBFAD095509}.Debug|Mixed Platforms.Build.0 = Debug|x86
		{652EAFA8-81B4-4FCE-981D-EEBFAD095509}.Debug|x64.ActiveCfg = Debug|x64
		{652EAFA8-81B4-4FCE-981D-EEBFAD095509}.Debug|x86.ActiveCfg = Debug|x86
		{652EAFA8-81B4-4FCE-981D-EEBFAD095509}.Debug|x86.Build.0 = Debug|x86
		{652EAFA8-81B4-4FCE-981D-EEBFAD095509}.Release|Any CPU.ActiveCfg = Release|x86
		{652EAFA8-81B4-4FCE-981D-EEBFAD095509}.Release|Mixed Platforms.ActiveCfg = Release|x86
		{652EAFA8-81B4-4FCE-981D-EEBFAD095509}.Release|Mixed Platforms.Build.0 = Release|x86
		{652EAFA8-81B4-4FCE-981D-EEBFAD095509}.Release|x64.ActiveCfg = Release|x64
		{652EAFA8-81B4-4FCE-981D-EEBFAD095509}.Release|x86.ActiveCfg = Release|x86
		{652EAFA8-81B4-4FCE-981D-EEBFAD095509}.Release|x86.Build.0 = Release|x86
		{652EAFA8-81B4-4FCE-981D-EEBFAD095509}.Release-Reader86|Any CPU.ActiveCfg = Release|x86
		{652EAFA8-81B4-4FCE-981D-EEBFAD095509}.Release-Reader86|Mixed Platforms.ActiveCfg = Release|x86
		{652EAFA8-81B4-4FCE-981D-EEBFAD095509}.Release-Reader86|Mixed Platforms.Build.0 = Release|x86
		{652EAFA8-81B4-4FCE-981D-EEBFAD095509}.Release-Reader86|x64.ActiveCfg = Release|x64
		{652EAFA8-81B4-4FCE-981D-EEBFAD095509}.Release-Reader86|x64.Build.0 = Release|x64
		{652EAFA8-81B4-4FCE-981D-EEBFAD095509}.Release-Reader86|x86.ActiveCfg = Release|x86
		{652EAFA8-81B4-4FCE-981D-EEBFAD095509}.Release-Reader86|x86.Build.0 = Release|x86
		{02EE028A-4B17-419E-81DE-5512724CA557}.Debug|Any CPU.ActiveCfg = Debug|x86
		{02EE028A-4B17-419E-81DE-5512724CA557}.Debug|Mixed Platforms.ActiveCfg = Debug|x86
		{02EE028A-4B17-419E-81DE-5512724CA557}.Debug|Mixed Platforms.Build.0 = Debug|x86
		{02EE028A-4B17-419E-81DE-5512724CA557}.Debug|x64.ActiveCfg = Debug|x64
		{02EE028A-4B17-419E-81DE-5512724CA557}.Debug|x86.ActiveCfg = Debug|x86
		{02EE028A-4B17-419E-81DE-5512724CA557}.Debug|x86.Build.0 = Debug|x86
		{02EE028A-4B17-419E-81DE-5512724CA557}.Release|Any CPU.ActiveCfg = Release|x86
		{02EE028A-4B17-419E-81DE-5512724CA557}.Release|Mixed Platforms.ActiveCfg = Release|x86
		{02EE028A-4B17-419E-81DE-5512724CA557}.Release|Mixed Platforms.Build.0 = Release|x86
		{02EE028A-4B17-419E-81DE-5512724CA557}.Release|x64.ActiveCfg = Release|x64
		{02EE028A-4B17-419E-81DE-5512724CA557}.Release|x86.ActiveCfg = Release|x86
		{02EE028A-4B17-419E-81DE-5512724CA557}.Release|x86.Build.0 = Release|x86
		{02EE028A-4B17-419E-81DE-5512724CA557}.Release-Reader86|Any CPU.ActiveCfg = Release-Reader86|x86
		{02EE028A-4B17-419E-81DE-5512724CA557}.Release-Reader86|Mixed Platforms.ActiveCfg = Release-Reader86|x86
		{02EE028A-4B17-419E-81DE-5512724CA557}.Release-Reader86|Mixed Platforms.Build.0 = Release-Reader86|x86
		{02EE028A-4B17-419E-81DE-5512724CA557}.Release-Reader86|x64.ActiveCfg = Release-Reader86|x64
		{02EE028A-4B17-419E-81DE-5512724CA557}.Release-Reader86|x86.ActiveCfg = Release-Reader86|x86
		{02EE028A-4B17-419E-81DE-5512724CA557}.Release-Reader86|x86.Build.0 = Release-Reader86|x86
		{96DE829D-FEF9-41AF-A9E6-3BE517088B64}.Debug|Any CPU.ActiveCfg = Debug|Any CPU
		{96DE829D-FEF9-41AF-A9E6-3BE517088B64}.Debug|Any CPU.Build.0 = Debug|Any CPU
		{96DE829D-FEF9-41AF-A9E6-3BE517088B64}.Debug|Mixed Platforms.ActiveCfg = Debug|Any CPU
		{96DE829D-FEF9-41AF-A9E6-3BE517088B64}.Debug|Mixed Platforms.Build.0 = Debug|Any CPU
		{96DE829D-FEF9-41AF-A9E6-3BE517088B64}.Debug|x64.ActiveCfg = Debug|x64
		{96DE829D-FEF9-41AF-A9E6-3BE517088B64}.Debug|x64.Build.0 = Debug|x64
		{96DE829D-FEF9-41AF-A9E6-3BE517088B64}.Debug|x86.ActiveCfg = Debug|x86
		{96DE829D-FEF9-41AF-A9E6-3BE517088B64}.Debug|x86.Build.0 = Debug|x86
		{96DE829D-FEF9-41AF-A9E6-3BE517088B64}.Release|Any CPU.ActiveCfg = Release|Any CPU
		{96DE829D-FEF9-41AF-A9E6-3BE517088B64}.Release|Any CPU.Build.0 = Release|Any CPU
		{96DE829D-FEF9-41AF-A9E6-3BE517088B64}.Release|Mixed Platforms.ActiveCfg = Release|Any CPU
		{96DE829D-FEF9-41AF-A9E6-3BE517088B64}.Release|Mixed Platforms.Build.0 = Release|Any CPU
		{96DE829D-FEF9-41AF-A9E6-3BE517088B64}.Release|x64.ActiveCfg = Release|x64
		{96DE829D-FEF9-41AF-A9E6-3BE517088B64}.Release|x64.Build.0 = Release|x64
		{96DE829D-FEF9-41AF-A9E6-3BE517088B64}.Release|x86.ActiveCfg = Release|x86
		{96DE829D-FEF9-41AF-A9E6-3BE517088B64}.Release|x86.Build.0 = Release|x86
		{96DE829D-FEF9-41AF-A9E6-3BE517088B64}.Release-Reader86|Any CPU.ActiveCfg = Release|Any CPU
		{96DE829D-FEF9-41AF-A9E6-3BE517088B64}.Release-Reader86|Any CPU.Build.0 = Release|Any CPU
		{96DE829D-FEF9-41AF-A9E6-3BE517088B64}.Release-Reader86|Mixed Platforms.ActiveCfg = Release|Any CPU
		{96DE829D-FEF9-41AF-A9E6-3BE517088B64}.Release-Reader86|Mixed Platforms.Build.0 = Release|Any CPU
		{96DE829D-FEF9-41AF-A9E6-3BE517088B64}.Release-Reader86|x64.ActiveCfg = Release|x64
		{96DE829D-FEF9-41AF-A9E6-3BE517088B64}.Release-Reader86|x64.Build.0 = Release|x64
		{96DE829D-FEF9-41AF-A9E6-3BE517088B64}.Release-Reader86|x86.ActiveCfg = Release|Any CPU
		{74804E3D-6616-4C37-A181-9A97C4DBBB81}.Debug|Any CPU.ActiveCfg = Debug|x86
		{74804E3D-6616-4C37-A181-9A97C4DBBB81}.Debug|Mixed Platforms.ActiveCfg = Debug|x86
		{74804E3D-6616-4C37-A181-9A97C4DBBB81}.Debug|Mixed Platforms.Build.0 = Debug|x86
		{74804E3D-6616-4C37-A181-9A97C4DBBB81}.Debug|x64.ActiveCfg = Debug|x64
		{74804E3D-6616-4C37-A181-9A97C4DBBB81}.Debug|x86.ActiveCfg = Debug|x86
		{74804E3D-6616-4C37-A181-9A97C4DBBB81}.Debug|x86.Build.0 = Debug|x86
		{74804E3D-6616-4C37-A181-9A97C4DBBB81}.Release|Any CPU.ActiveCfg = Release|x86
		{74804E3D-6616-4C37-A181-9A97C4DBBB81}.Release|Mixed Platforms.ActiveCfg = Release|x86
		{74804E3D-6616-4C37-A181-9A97C4DBBB81}.Release|Mixed Platforms.Build.0 = Release|x86
		{74804E3D-6616-4C37-A181-9A97C4DBBB81}.Release|x64.ActiveCfg = Release|x64
		{74804E3D-6616-4C37-A181-9A97C4DBBB81}.Release|x86.ActiveCfg = Release|x86
		{74804E3D-6616-4C37-A181-9A97C4DBBB81}.Release|x86.Build.0 = Release|x86
		{74804E3D-6616-4C37-A181-9A97C4DBBB81}.Release-Reader86|Any CPU.ActiveCfg = Release|x86
		{74804E3D-6616-4C37-A181-9A97C4DBBB81}.Release-Reader86|Mixed Platforms.ActiveCfg = Release|x86
		{74804E3D-6616-4C37-A181-9A97C4DBBB81}.Release-Reader86|Mixed Platforms.Build.0 = Release|x86
		{74804E3D-6616-4C37-A181-9A97C4DBBB81}.Release-Reader86|x64.ActiveCfg = Release|x64
		{74804E3D-6616-4C37-A181-9A97C4DBBB81}.Release-Reader86|x64.Build.0 = Release|x64
		{74804E3D-6616-4C37-A181-9A97C4DBBB81}.Release-Reader86|x86.ActiveCfg = Release|x86
		{74804E3D-6616-4C37-A181-9A97C4DBBB81}.Release-Reader86|x86.Build.0 = Release|x86
		{082550EB-3D3F-4DC8-8A5C-AF2CA2ECEA7F}.Debug|Any CPU.ActiveCfg = Debug|x86
		{082550EB-3D3F-4DC8-8A5C-AF2CA2ECEA7F}.Debug|Any CPU.Build.0 = Debug|x86
		{082550EB-3D3F-4DC8-8A5C-AF2CA2ECEA7F}.Debug|Mixed Platforms.ActiveCfg = Debug|x86
		{082550EB-3D3F-4DC8-8A5C-AF2CA2ECEA7F}.Debug|Mixed Platforms.Build.0 = Debug|x86
		{082550EB-3D3F-4DC8-8A5C-AF2CA2ECEA7F}.Debug|x64.ActiveCfg = Debug|x64
		{082550EB-3D3F-4DC8-8A5C-AF2CA2ECEA7F}.Debug|x64.Build.0 = Debug|x64
		{082550EB-3D3F-4DC8-8A5C-AF2CA2ECEA7F}.Debug|x86.ActiveCfg = Debug|x86
		{082550EB-3D3F-4DC8-8A5C-AF2CA2ECEA7F}.Debug|x86.Build.0 = Debug|x86
		{082550EB-3D3F-4DC8-8A5C-AF2CA2ECEA7F}.Release|Any CPU.ActiveCfg = Release|x86
		{082550EB-3D3F-4DC8-8A5C-AF2CA2ECEA7F}.Release|Any CPU.Build.0 = Release|x86
		{082550EB-3D3F-4DC8-8A5C-AF2CA2ECEA7F}.Release|Mixed Platforms.ActiveCfg = Release|x86
		{082550EB-3D3F-4DC8-8A5C-AF2CA2ECEA7F}.Release|Mixed Platforms.Build.0 = Release|x86
		{082550EB-3D3F-4DC8-8A5C-AF2CA2ECEA7F}.Release|x64.ActiveCfg = Release|x64
		{082550EB-3D3F-4DC8-8A5C-AF2CA2ECEA7F}.Release|x64.Build.0 = Release|x64
		{082550EB-3D3F-4DC8-8A5C-AF2CA2ECEA7F}.Release|x86.ActiveCfg = Release|x86
		{082550EB-3D3F-4DC8-8A5C-AF2CA2ECEA7F}.Release|x86.Build.0 = Release|x86
		{082550EB-3D3F-4DC8-8A5C-AF2CA2ECEA7F}.Release-Reader86|Any CPU.ActiveCfg = Release|x86
		{082550EB-3D3F-4DC8-8A5C-AF2CA2ECEA7F}.Release-Reader86|Mixed Platforms.ActiveCfg = Release|x86
		{082550EB-3D3F-4DC8-8A5C-AF2CA2ECEA7F}.Release-Reader86|Mixed Platforms.Build.0 = Release|x86
		{082550EB-3D3F-4DC8-8A5C-AF2CA2ECEA7F}.Release-Reader86|x64.ActiveCfg = Release|x64
		{082550EB-3D3F-4DC8-8A5C-AF2CA2ECEA7F}.Release-Reader86|x64.Build.0 = Release|x64
		{082550EB-3D3F-4DC8-8A5C-AF2CA2ECEA7F}.Release-Reader86|x86.ActiveCfg = Release|x86
		{082550EB-3D3F-4DC8-8A5C-AF2CA2ECEA7F}.Release-Reader86|x86.Build.0 = Release|x86
		{785380E0-CEB9-4C34-82E5-60D0E33E848E}.Debug|Any CPU.ActiveCfg = Debug|Any CPU
		{785380E0-CEB9-4C34-82E5-60D0E33E848E}.Debug|Any CPU.Build.0 = Debug|Any CPU
		{785380E0-CEB9-4C34-82E5-60D0E33E848E}.Debug|Mixed Platforms.ActiveCfg = Debug|Any CPU
		{785380E0-CEB9-4C34-82E5-60D0E33E848E}.Debug|Mixed Platforms.Build.0 = Debug|Any CPU
		{785380E0-CEB9-4C34-82E5-60D0E33E848E}.Debug|x64.ActiveCfg = Debug|Any CPU
		{785380E0-CEB9-4C34-82E5-60D0E33E848E}.Debug|x64.Build.0 = Debug|Any CPU
		{785380E0-CEB9-4C34-82E5-60D0E33E848E}.Debug|x86.ActiveCfg = Debug|Any CPU
		{785380E0-CEB9-4C34-82E5-60D0E33E848E}.Debug|x86.Build.0 = Debug|Any CPU
		{785380E0-CEB9-4C34-82E5-60D0E33E848E}.Release|Any CPU.ActiveCfg = Release|Any CPU
		{785380E0-CEB9-4C34-82E5-60D0E33E848E}.Release|Any CPU.Build.0 = Release|Any CPU
		{785380E0-CEB9-4C34-82E5-60D0E33E848E}.Release|Mixed Platforms.ActiveCfg = Release|Any CPU
		{785380E0-CEB9-4C34-82E5-60D0E33E848E}.Release|Mixed Platforms.Build.0 = Release|Any CPU
		{785380E0-CEB9-4C34-82E5-60D0E33E848E}.Release|x64.ActiveCfg = Release|Any CPU
		{785380E0-CEB9-4C34-82E5-60D0E33E848E}.Release|x64.Build.0 = Release|Any CPU
		{785380E0-CEB9-4C34-82E5-60D0E33E848E}.Release|x86.ActiveCfg = Release|Any CPU
		{785380E0-CEB9-4C34-82E5-60D0E33E848E}.Release|x86.Build.0 = Release|Any CPU
		{785380E0-CEB9-4C34-82E5-60D0E33E848E}.Release-Reader86|Any CPU.ActiveCfg = Release|Any CPU
		{785380E0-CEB9-4C34-82E5-60D0E33E848E}.Release-Reader86|Any CPU.Build.0 = Release|Any CPU
		{785380E0-CEB9-4C34-82E5-60D0E33E848E}.Release-Reader86|Mixed Platforms.ActiveCfg = Release|Any CPU
		{785380E0-CEB9-4C34-82E5-60D0E33E848E}.Release-Reader86|Mixed Platforms.Build.0 = Release|Any CPU
		{785380E0-CEB9-4C34-82E5-60D0E33E848E}.Release-Reader86|x64.ActiveCfg = Release|Any CPU
		{785380E0-CEB9-4C34-82E5-60D0E33E848E}.Release-Reader86|x64.Build.0 = Release|Any CPU
		{785380E0-CEB9-4C34-82E5-60D0E33E848E}.Release-Reader86|x86.ActiveCfg = Release|Any CPU
		{785380E0-CEB9-4C34-82E5-60D0E33E848E}.Release-Reader86|x86.Build.0 = Release|Any CPU
	EndGlobalSection
	GlobalSection(SolutionProperties) = preSolution
		HideSolutionNode = FALSE
	EndGlobalSection
	GlobalSection(ExtensibilityGlobals) = postSolution
		SolutionGuid = {A9239932-DE09-4BC7-8400-0F1F5BCA8935}
	EndGlobalSection
EndGlobal
