<?xml version="1.0" encoding="utf-8"?>
<Project ToolsVersion="4.0" xmlns="http://schemas.microsoft.com/developer/msbuild/2003">
  <ItemGroup>
    <ClCompile Include="AssemblyInfo.cpp" />
    <ClCompile Include="cspUtilsFM.cpp" />
    <ClCompile Include="FS2_About.cpp" />
    <ClCompile Include="stdafx.cpp" />
    <ClCompile Include="..\cspUtils\cspWrapper.cpp">
      <Filter>cspWrapper</Filter>
    </ClCompile>
    <ClCompile Include="..\cspApiLite\cspUtilsIO.cpp" />
    <ClCompile Include="..\cspApiLite\SignerUtils.cpp" />
    <ClCompile Include="..\..\Fixosoft-SDK\fteo\fteoNET\MyStrMarshal.cpp">
      <Filter>Fixosoft SDK</Filter>
    </ClCompile>
  </ItemGroup>
  <ItemGroup>
    <ClInclude Include="FS2_About.h" />
    <ClInclude Include="stdafx.h" />
    <ClInclude Include="..\cspUtils\cspWrapper.h">
      <Filter>cspWrapper</Filter>
    </ClInclude>
    <ClInclude Include="resource.h">
      <Filter>Resources</Filter>
    </ClInclude>
    <ClInclude Include="..\..\..\Fixosoft-SDK\fteo\fteoNET\MyStrMarshal.h">
      <Filter>Fixosoft SDK</Filter>
    </ClInclude>
    <ClInclude Include="FSignerMainForm.h" />
  </ItemGroup>
  <ItemGroup>
    <Image Include="Fixosoft2002.ico">
      <Filter>Resources</Filter>
    </Image>
    <Image Include="..\XMLReaderCS\Resources\crypt_sign_USB_16x16.png">
      <Filter>Resources</Filter>
    </Image>
    <Image Include="Resources\CryptApp.ico">
      <Filter>Resources</Filter>
    </Image>
    <Image Include="Resources\crypt_sign_USB_32x32.png">
      <Filter>Resources</Filter>
    </Image>
  </ItemGroup>
  <ItemGroup>
    <Filter Include="Fixosoft SDK">
      <UniqueIdentifier>{8a6140c4-21ea-4328-b0ed-469f0bd9dd54}</UniqueIdentifier>
    </Filter>
    <Filter Include="cspWrapper">
      <UniqueIdentifier>{8eb06ee6-eb85-452b-9577-d90840444ea2}</UniqueIdentifier>
    </Filter>
    <Filter Include="Resources">
      <UniqueIdentifier>{36568856-99c8-48c2-ac8f-26cc120b2a7d}</UniqueIdentifier>
    </Filter>
  </ItemGroup>
  <ItemGroup>
    <ResourceCompile Include="app.rc">
      <Filter>Resources</Filter>
    </ResourceCompile>
  </ItemGroup>
  <ItemGroup>
    <None Include="README.md" />
  </ItemGroup>
</Project>