<?xml version="1.0" encoding="utf-8"?>
<Project ToolsVersion="4.0" xmlns="http://schemas.microsoft.com/developer/msbuild/2003">
  <ItemGroup>
    <Filter Include="Header Files">
      <UniqueIdentifier>{559d9c57-099e-43b3-b5a4-f969d4e2f586}</UniqueIdentifier>
      <Extensions>h</Extensions>
    </Filter>
    <Filter Include="Resource Files">
      <UniqueIdentifier>{1852ecc8-3fb3-4edc-a90d-01e0a72bb7a6}</UniqueIdentifier>
      <Extensions>ico;cur;bmp;rc</Extensions>
    </Filter>
    <Filter Include="Source Files">
      <UniqueIdentifier>{2c071973-7890-4c41-9762-a928d7997cea}</UniqueIdentifier>
      <Extensions>c</Extensions>
    </Filter>
    <Filter Include="Source Files\getopt">
      <UniqueIdentifier>{afb7edb5-5737-4732-87b7-6b6b34a11fab}</UniqueIdentifier>
    </Filter>
  </ItemGroup>
  <ItemGroup>
    <ClInclude Include="base64.h">
      <Filter>Header Files</Filter>
    </ClInclude>
    <ClInclude Include="src\include\crypt32.h">
      <Filter>Header Files</Filter>
    </ClInclude>
    <ClInclude Include="getopt.h">
      <Filter>Header Files</Filter>
    </ClInclude>
    <ClInclude Include="makecert.h">
      <Filter>Header Files</Filter>
    </ClInclude>
    <ClInclude Include="mycert.h">
      <Filter>Header Files</Filter>
    </ClInclude>
    <ClInclude Include="tmain.h">
      <Filter>Header Files</Filter>
    </ClInclude>
    <ClInclude Include="src\include\WinCryptEx.h">
      <Filter>Header Files</Filter>
    </ClInclude>
    <ClInclude Include="boost_examples.h">
      <Filter>Header Files</Filter>
    </ClInclude>
  </ItemGroup>
  <ItemGroup>
    <ClCompile Include="base64.c">
      <Filter>Source Files</Filter>
    </ClCompile>
    <ClCompile Include="cmsenclo.c">
      <Filter>Source Files</Filter>
    </ClCompile>
    <ClCompile Include="cmslow.c">
      <Filter>Source Files</Filter>
    </ClCompile>
    <ClCompile Include="cmssf.c">
      <Filter>Source Files</Filter>
    </ClCompile>
    <ClCompile Include="cryptenc.c">
      <Filter>Source Files</Filter>
    </ClCompile>
    <ClCompile Include="cryptlo.c">
      <Filter>Source Files</Filter>
    </ClCompile>
    <ClCompile Include="cryptsf.c">
      <Filter>Source Files</Filter>
    </ClCompile>
    <ClCompile Include="ctkey.c">
      <Filter>Source Files</Filter>
    </ClCompile>
    <ClCompile Include="ctmsg.c">
      <Filter>Source Files</Filter>
    </ClCompile>
    <ClCompile Include="delayhlp.cpp">
      <Filter>Source Files</Filter>
    </ClCompile>
    <ClCompile Include="export.c">
      <Filter>Source Files</Filter>
    </ClCompile>
    <ClCompile Include="hashlo.c">
      <Filter>Source Files</Filter>
    </ClCompile>
    <ClCompile Include="makecert.c">
      <Filter>Source Files</Filter>
    </ClCompile>
    <ClCompile Include="mtime.c">
      <Filter>Source Files</Filter>
    </ClCompile>
    <ClCompile Include="mycert.c">
      <Filter>Source Files</Filter>
    </ClCompile>
    <ClCompile Include="property.c">
      <Filter>Source Files</Filter>
    </ClCompile>
    <ClCompile Include="reqcert.c">
      <Filter>Source Files</Filter>
    </ClCompile>
    <ClCompile Include="signlo.c">
      <Filter>Source Files</Filter>
    </ClCompile>
    <ClCompile Include="signlo1.c">
      <Filter>Source Files</Filter>
    </ClCompile>
    <ClCompile Include="signtsf.c">
      <Filter>Source Files</Filter>
    </ClCompile>
    <ClCompile Include="stdafx.c">
      <Filter>Source Files</Filter>
    </ClCompile>
    <ClCompile Include="stress.c">
      <Filter>Source Files</Filter>
    </ClCompile>
    <ClCompile Include="tls.c">
      <Filter>Source Files</Filter>
    </ClCompile>
    <ClCompile Include="tmain.c">
      <Filter>Source Files</Filter>
    </ClCompile>
    <ClCompile Include="tprf.c">
      <Filter>Source Files</Filter>
    </ClCompile>
    <ClCompile Include="WebClient.c">
      <Filter>Source Files</Filter>
    </ClCompile>
    <ClCompile Include="WebServer.c">
      <Filter>Source Files</Filter>
    </ClCompile>
    <ClCompile Include="getop1.c">
      <Filter>Source Files\getopt</Filter>
    </ClCompile>
    <ClCompile Include="getopt.c">
      <Filter>Source Files\getopt</Filter>
    </ClCompile>
    <ClCompile Include="boost_examples.cpp">
      <Filter>Source Files</Filter>
    </ClCompile>
  </ItemGroup>
  <ItemGroup>
    <None Include="Командная строка.md" />
  </ItemGroup>
</Project>